// !$*UTF8*$!
{
	archiveVersion = 1;
	classes = {
	};
	objectVersion = 52;
	objects = {

/* Begin PBXBuildFile section */
		6D818F10249A02DF008943A1 /* NetworkingError.swift in Sources */ = {isa = PBXBuildFile; fileRef = 6D818F0F249A02DF008943A1 /* NetworkingError.swift */; };
		6D818F5E249A880D008943A1 /* ErrorKitDelegateSpy.swift in Sources */ = {isa = PBXBuildFile; fileRef = 6D818F5D249A880D008943A1 /* ErrorKitDelegateSpy.swift */; };
		6DBA5530248E6C5400751941 /* MBErrorKit.framework in Frameworks */ = {isa = PBXBuildFile; fileRef = 6DBA5526248E6C5300751941 /* MBErrorKit.framework */; };
		6DBA5537248E6C5400751941 /* ErrorKit.h in Headers */ = {isa = PBXBuildFile; fileRef = 6DBA5529248E6C5300751941 /* ErrorKit.h */; settings = {ATTRIBUTES = (Public, ); }; };
		6DBA554A248E6CC800751941 /* ErrorKitTests.swift in Sources */ = {isa = PBXBuildFile; fileRef = 6DBA5545248E6CA300751941 /* ErrorKitTests.swift */; };
		6DBA554B248E6CE300751941 /* ErrorKit.swift in Sources */ = {isa = PBXBuildFile; fileRef = 6DBA5542248E6CA300751941 /* ErrorKit.swift */; };
		6DCC747B24F79BB9006C3C24 /* MobKitCore in Frameworks */ = {isa = PBXBuildFile; productRef = 6DCC747A24F79BB9006C3C24 /* MobKitCore */; settings = {ATTRIBUTES = (Weak, ); }; };
/* End PBXBuildFile section */

/* Begin PBXContainerItemProxy section */
		6DBA5531248E6C5400751941 /* PBXContainerItemProxy */ = {
			isa = PBXContainerItemProxy;
			containerPortal = 6DBA551D248E6C5300751941 /* Project object */;
			proxyType = 1;
			remoteGlobalIDString = 6DBA5525248E6C5300751941;
			remoteInfo = ErrorKit;
		};
/* End PBXContainerItemProxy section */

/* Begin PBXFileReference section */
		6D818F0F249A02DF008943A1 /* NetworkingError.swift */ = {isa = PBXFileReference; lastKnownFileType = sourcecode.swift; path = NetworkingError.swift; sourceTree = "<group>"; };
		6D818F5D249A880D008943A1 /* ErrorKitDelegateSpy.swift */ = {isa = PBXFileReference; lastKnownFileType = sourcecode.swift; path = ErrorKitDelegateSpy.swift; sourceTree = "<group>"; };
		6DBA5526248E6C5300751941 /* MBErrorKit.framework */ = {isa = PBXFileReference; explicitFileType = wrapper.framework; includeInIndex = 0; path = MBErrorKit.framework; sourceTree = BUILT_PRODUCTS_DIR; };
		6DBA5529248E6C5300751941 /* ErrorKit.h */ = {isa = PBXFileReference; lastKnownFileType = sourcecode.c.h; path = ErrorKit.h; sourceTree = "<group>"; };
		6DBA552A248E6C5300751941 /* Info.plist */ = {isa = PBXFileReference; lastKnownFileType = text.plist.xml; path = Info.plist; sourceTree = "<group>"; };
		6DBA552F248E6C5400751941 /* MBErrorKitTests.xctest */ = {isa = PBXFileReference; explicitFileType = wrapper.cfbundle; includeInIndex = 0; path = MBErrorKitTests.xctest; sourceTree = BUILT_PRODUCTS_DIR; };
		6DBA5536248E6C5400751941 /* Info.plist */ = {isa = PBXFileReference; lastKnownFileType = text.plist.xml; path = Info.plist; sourceTree = "<group>"; };
		6DBA5542248E6CA300751941 /* ErrorKit.swift */ = {isa = PBXFileReference; lastKnownFileType = sourcecode.swift; path = ErrorKit.swift; sourceTree = "<group>"; };
		6DBA5545248E6CA300751941 /* ErrorKitTests.swift */ = {isa = PBXFileReference; lastKnownFileType = sourcecode.swift; path = ErrorKitTests.swift; sourceTree = "<group>"; };
		6DBA5546248E6CA300751941 /* XCTestManifests.swift */ = {isa = PBXFileReference; lastKnownFileType = sourcecode.swift; path = XCTestManifests.swift; sourceTree = "<group>"; };
		6DBA5547248E6CA300751941 /* LinuxMain.swift */ = {isa = PBXFileReference; lastKnownFileType = sourcecode.swift; path = LinuxMain.swift; sourceTree = "<group>"; };
		6DBA5548248E6CA400751941 /* README.md */ = {isa = PBXFileReference; lastKnownFileType = net.daringfireball.markdown; path = README.md; sourceTree = "<group>"; };
		6DBA5549248E6CA400751941 /* Package.swift */ = {isa = PBXFileReference; lastKnownFileType = sourcecode.swift; path = Package.swift; sourceTree = "<group>"; };
/* End PBXFileReference section */

/* Begin PBXFrameworksBuildPhase section */
		6DBA5523248E6C5300751941 /* Frameworks */ = {
			isa = PBXFrameworksBuildPhase;
			buildActionMask = 2147483647;
			files = (
				6DCC747B24F79BB9006C3C24 /* MobKitCore in Frameworks */,
			);
			runOnlyForDeploymentPostprocessing = 0;
		};
		6DBA552C248E6C5400751941 /* Frameworks */ = {
			isa = PBXFrameworksBuildPhase;
			buildActionMask = 2147483647;
			files = (
				6DBA5530248E6C5400751941 /* MBErrorKit.framework in Frameworks */,
			);
			runOnlyForDeploymentPostprocessing = 0;
		};
/* End PBXFrameworksBuildPhase section */

/* Begin PBXGroup section */
		6DBA551C248E6C5300751941 = {
			isa = PBXGroup;
			children = (
				6DBA5549248E6CA400751941 /* Package.swift */,
				6DBA5548248E6CA400751941 /* README.md */,
				6DBA5528248E6C5300751941 /* MBErrorKit */,
				6DBA5533248E6C5400751941 /* MBErrorKitTests */,
				6DBA5540248E6CA300751941 /* Sources */,
				6DBA5543248E6CA300751941 /* Tests */,
				6DBA5527248E6C5300751941 /* Products */,
			);
			sourceTree = "<group>";
		};
		6DBA5527248E6C5300751941 /* Products */ = {
			isa = PBXGroup;
			children = (
				6DBA5526248E6C5300751941 /* MBErrorKit.framework */,
				6DBA552F248E6C5400751941 /* MBErrorKitTests.xctest */,
			);
			name = Products;
			sourceTree = "<group>";
		};
		6DBA5528248E6C5300751941 /* MBErrorKit */ = {
			isa = PBXGroup;
			children = (
				6DBA5529248E6C5300751941 /* ErrorKit.h */,
				6DBA552A248E6C5300751941 /* Info.plist */,
			);
			path = MBErrorKit;
			sourceTree = "<group>";
		};
		6DBA5533248E6C5400751941 /* MBErrorKitTests */ = {
			isa = PBXGroup;
			children = (
				6DBA5536248E6C5400751941 /* Info.plist */,
			);
			path = MBErrorKitTests;
			sourceTree = "<group>";
		};
		6DBA5540248E6CA300751941 /* Sources */ = {
			isa = PBXGroup;
			children = (
				6DBA5541248E6CA300751941 /* MBErrorKit */,
			);
			path = Sources;
			sourceTree = "<group>";
		};
		6DBA5541248E6CA300751941 /* MBErrorKit */ = {
			isa = PBXGroup;
			children = (
				6DBA5542248E6CA300751941 /* ErrorKit.swift */,
				6D818F0F249A02DF008943A1 /* NetworkingError.swift */,
			);
			path = MBErrorKit;
			sourceTree = "<group>";
		};
		6DBA5543248E6CA300751941 /* Tests */ = {
			isa = PBXGroup;
			children = (
				6DBA5547248E6CA300751941 /* LinuxMain.swift */,
				6DBA5544248E6CA300751941 /* MBErrorKitTests */,
			);
			path = Tests;
			sourceTree = "<group>";
		};
		6DBA5544248E6CA300751941 /* MBErrorKitTests */ = {
			isa = PBXGroup;
			children = (
				6DBA5546248E6CA300751941 /* XCTestManifests.swift */,
				6DBA5545248E6CA300751941 /* ErrorKitTests.swift */,
				6D818F5D249A880D008943A1 /* ErrorKitDelegateSpy.swift */,
			);
			path = MBErrorKitTests;
			sourceTree = "<group>";
		};
/* End PBXGroup section */

/* Begin PBXHeadersBuildPhase section */
		6DBA5521248E6C5300751941 /* Headers */ = {
			isa = PBXHeadersBuildPhase;
			buildActionMask = 2147483647;
			files = (
				6DBA5537248E6C5400751941 /* ErrorKit.h in Headers */,
			);
			runOnlyForDeploymentPostprocessing = 0;
		};
/* End PBXHeadersBuildPhase section */

/* Begin PBXNativeTarget section */
		6DBA5525248E6C5300751941 /* MBErrorKit */ = {
			isa = PBXNativeTarget;
			buildConfigurationList = 6DBA553A248E6C5400751941 /* Build configuration list for PBXNativeTarget "MBErrorKit" */;
			buildPhases = (
				6DBA5521248E6C5300751941 /* Headers */,
				6DBA5522248E6C5300751941 /* Sources */,
				6DBA5523248E6C5300751941 /* Frameworks */,
				6DBA5524248E6C5300751941 /* Resources */,
				6DBA554F248E6D2E00751941 /* SwiftLint */,
			);
			buildRules = (
			);
			dependencies = (
			);
			name = MBErrorKit;
			packageProductDependencies = (
				6DCC747A24F79BB9006C3C24 /* MobKitCore */,
			);
			productName = ErrorKit;
			productReference = 6DBA5526248E6C5300751941 /* MBErrorKit.framework */;
			productType = "com.apple.product-type.framework";
		};
		6DBA552E248E6C5400751941 /* MBErrorKitTests */ = {
			isa = PBXNativeTarget;
			buildConfigurationList = 6DBA553D248E6C5400751941 /* Build configuration list for PBXNativeTarget "MBErrorKitTests" */;
			buildPhases = (
				6DBA552B248E6C5400751941 /* Sources */,
				6DBA552C248E6C5400751941 /* Frameworks */,
				6DBA552D248E6C5400751941 /* Resources */,
			);
			buildRules = (
			);
			dependencies = (
				6DBA5532248E6C5400751941 /* PBXTargetDependency */,
			);
			name = MBErrorKitTests;
			productName = ErrorKitTests;
			productReference = 6DBA552F248E6C5400751941 /* MBErrorKitTests.xctest */;
			productType = "com.apple.product-type.bundle.unit-test";
		};
/* End PBXNativeTarget section */

/* Begin PBXProject section */
		6DBA551D248E6C5300751941 /* Project object */ = {
			isa = PBXProject;
			attributes = {
				LastSwiftUpdateCheck = 1150;
				LastUpgradeCheck = 1150;
				ORGANIZATIONNAME = "Rasid Ramazanov";
				TargetAttributes = {
					6DBA5525248E6C5300751941 = {
						CreatedOnToolsVersion = 11.5;
					};
					6DBA552E248E6C5400751941 = {
						CreatedOnToolsVersion = 11.5;
					};
				};
			};
			buildConfigurationList = 6DBA5520248E6C5300751941 /* Build configuration list for PBXProject "MBErrorKit" */;
			compatibilityVersion = "Xcode 9.3";
			developmentRegion = en;
			hasScannedForEncodings = 0;
			knownRegions = (
				en,
				Base,
			);
			mainGroup = 6DBA551C248E6C5300751941;
			packageReferences = (
				6DCC747924F79BB9006C3C24 /* XCRemoteSwiftPackageReference "MobKitCore" */,
			);
			productRefGroup = 6DBA5527248E6C5300751941 /* Products */;
			projectDirPath = "";
			projectRoot = "";
			targets = (
				6DBA5525248E6C5300751941 /* MBErrorKit */,
				6DBA552E248E6C5400751941 /* MBErrorKitTests */,
			);
		};
/* End PBXProject section */

/* Begin PBXResourcesBuildPhase section */
		6DBA5524248E6C5300751941 /* Resources */ = {
			isa = PBXResourcesBuildPhase;
			buildActionMask = 2147483647;
			files = (
			);
			runOnlyForDeploymentPostprocessing = 0;
		};
		6DBA552D248E6C5400751941 /* Resources */ = {
			isa = PBXResourcesBuildPhase;
			buildActionMask = 2147483647;
			files = (
			);
			runOnlyForDeploymentPostprocessing = 0;
		};
/* End PBXResourcesBuildPhase section */

/* Begin PBXShellScriptBuildPhase section */
		6DBA554F248E6D2E00751941 /* SwiftLint */ = {
			isa = PBXShellScriptBuildPhase;
			buildActionMask = 2147483647;
			files = (
			);
			inputFileListPaths = (
			);
			inputPaths = (
			);
			name = SwiftLint;
			outputFileListPaths = (
			);
			outputPaths = (
			);
			runOnlyForDeploymentPostprocessing = 0;
			shellPath = /bin/sh;
			shellScript = "if which swiftlint >/dev/null; then\n  swiftlint\nelse\n  echo \"warning: SwiftLint not installed, download from https://github.com/realm/SwiftLint\"\nfi\n";
		};
/* End PBXShellScriptBuildPhase section */

/* Begin PBXSourcesBuildPhase section */
		6DBA5522248E6C5300751941 /* Sources */ = {
			isa = PBXSourcesBuildPhase;
			buildActionMask = 2147483647;
			files = (
				6D818F5E249A880D008943A1 /* ErrorKitDelegateSpy.swift in Sources */,
				6D818F10249A02DF008943A1 /* NetworkingError.swift in Sources */,
				6DBA554B248E6CE300751941 /* ErrorKit.swift in Sources */,
			);
			runOnlyForDeploymentPostprocessing = 0;
		};
		6DBA552B248E6C5400751941 /* Sources */ = {
			isa = PBXSourcesBuildPhase;
			buildActionMask = 2147483647;
			files = (
				6DBA554A248E6CC800751941 /* ErrorKitTests.swift in Sources */,
			);
			runOnlyForDeploymentPostprocessing = 0;
		};
/* End PBXSourcesBuildPhase section */

/* Begin PBXTargetDependency section */
		6DBA5532248E6C5400751941 /* PBXTargetDependency */ = {
			isa = PBXTargetDependency;
			target = 6DBA5525248E6C5300751941 /* MBErrorKit */;
			targetProxy = 6DBA5531248E6C5400751941 /* PBXContainerItemProxy */;
		};
/* End PBXTargetDependency section */

/* Begin XCBuildConfiguration section */
		6DBA5538248E6C5400751941 /* Debug */ = {
			isa = XCBuildConfiguration;
			buildSettings = {
				ALWAYS_SEARCH_USER_PATHS = NO;
				CLANG_ANALYZER_NONNULL = YES;
				CLANG_ANALYZER_NUMBER_OBJECT_CONVERSION = YES_AGGRESSIVE;
				CLANG_CXX_LANGUAGE_STANDARD = "gnu++14";
				CLANG_CXX_LIBRARY = "libc++";
				CLANG_ENABLE_MODULES = YES;
				CLANG_ENABLE_OBJC_ARC = YES;
				CLANG_ENABLE_OBJC_WEAK = YES;
				CLANG_WARN_BLOCK_CAPTURE_AUTORELEASING = YES;
				CLANG_WARN_BOOL_CONVERSION = YES;
				CLANG_WARN_COMMA = YES;
				CLANG_WARN_CONSTANT_CONVERSION = YES;
				CLANG_WARN_DEPRECATED_OBJC_IMPLEMENTATIONS = YES;
				CLANG_WARN_DIRECT_OBJC_ISA_USAGE = YES_ERROR;
				CLANG_WARN_DOCUMENTATION_COMMENTS = YES;
				CLANG_WARN_EMPTY_BODY = YES;
				CLANG_WARN_ENUM_CONVERSION = YES;
				CLANG_WARN_INFINITE_RECURSION = YES;
				CLANG_WARN_INT_CONVERSION = YES;
				CLANG_WARN_NON_LITERAL_NULL_CONVERSION = YES;
				CLANG_WARN_OBJC_IMPLICIT_RETAIN_SELF = YES;
				CLANG_WARN_OBJC_LITERAL_CONVERSION = YES;
				CLANG_WARN_OBJC_ROOT_CLASS = YES_ERROR;
				CLANG_WARN_RANGE_LOOP_ANALYSIS = YES;
				CLANG_WARN_STRICT_PROTOTYPES = YES;
				CLANG_WARN_SUSPICIOUS_MOVE = YES;
				CLANG_WARN_UNGUARDED_AVAILABILITY = YES_AGGRESSIVE;
				CLANG_WARN_UNREACHABLE_CODE = YES;
				CLANG_WARN__DUPLICATE_METHOD_MATCH = YES;
				COPY_PHASE_STRIP = NO;
				CURRENT_PROJECT_VERSION = 1;
				DEBUG_INFORMATION_FORMAT = dwarf;
				ENABLE_STRICT_OBJC_MSGSEND = YES;
				ENABLE_TESTABILITY = YES;
				GCC_C_LANGUAGE_STANDARD = gnu11;
				GCC_DYNAMIC_NO_PIC = NO;
				GCC_NO_COMMON_BLOCKS = YES;
				GCC_OPTIMIZATION_LEVEL = 0;
				GCC_PREPROCESSOR_DEFINITIONS = (
					"DEBUG=1",
					"$(inherited)",
				);
				GCC_WARN_64_TO_32_BIT_CONVERSION = YES;
				GCC_WARN_ABOUT_RETURN_TYPE = YES_ERROR;
				GCC_WARN_UNDECLARED_SELECTOR = YES;
				GCC_WARN_UNINITIALIZED_AUTOS = YES_AGGRESSIVE;
				GCC_WARN_UNUSED_FUNCTION = YES;
				GCC_WARN_UNUSED_VARIABLE = YES;
				IPHONEOS_DEPLOYMENT_TARGET = 10.0;
				MTL_ENABLE_DEBUG_INFO = INCLUDE_SOURCE;
				MTL_FAST_MATH = YES;
				ONLY_ACTIVE_ARCH = YES;
				SDKROOT = iphoneos;
				SWIFT_ACTIVE_COMPILATION_CONDITIONS = DEBUG;
				SWIFT_OPTIMIZATION_LEVEL = "-Onone";
				VERSIONING_SYSTEM = "apple-generic";
				VERSION_INFO_PREFIX = "";
			};
			name = Debug;
		};
		6DBA5539248E6C5400751941 /* Release */ = {
			isa = XCBuildConfiguration;
			buildSettings = {
				ALWAYS_SEARCH_USER_PATHS = NO;
				CLANG_ANALYZER_NONNULL = YES;
				CLANG_ANALYZER_NUMBER_OBJECT_CONVERSION = YES_AGGRESSIVE;
				CLANG_CXX_LANGUAGE_STANDARD = "gnu++14";
				CLANG_CXX_LIBRARY = "libc++";
				CLANG_ENABLE_MODULES = YES;
				CLANG_ENABLE_OBJC_ARC = YES;
				CLANG_ENABLE_OBJC_WEAK = YES;
				CLANG_WARN_BLOCK_CAPTURE_AUTORELEASING = YES;
				CLANG_WARN_BOOL_CONVERSION = YES;
				CLANG_WARN_COMMA = YES;
				CLANG_WARN_CONSTANT_CONVERSION = YES;
				CLANG_WARN_DEPRECATED_OBJC_IMPLEMENTATIONS = YES;
				CLANG_WARN_DIRECT_OBJC_ISA_USAGE = YES_ERROR;
				CLANG_WARN_DOCUMENTATION_COMMENTS = YES;
				CLANG_WARN_EMPTY_BODY = YES;
				CLANG_WARN_ENUM_CONVERSION = YES;
				CLANG_WARN_INFINITE_RECURSION = YES;
				CLANG_WARN_INT_CONVERSION = YES;
				CLANG_WARN_NON_LITERAL_NULL_CONVERSION = YES;
				CLANG_WARN_OBJC_IMPLICIT_RETAIN_SELF = YES;
				CLANG_WARN_OBJC_LITERAL_CONVERSION = YES;
				CLANG_WARN_OBJC_ROOT_CLASS = YES_ERROR;
				CLANG_WARN_RANGE_LOOP_ANALYSIS = YES;
				CLANG_WARN_STRICT_PROTOTYPES = YES;
				CLANG_WARN_SUSPICIOUS_MOVE = YES;
				CLANG_WARN_UNGUARDED_AVAILABILITY = YES_AGGRESSIVE;
				CLANG_WARN_UNREACHABLE_CODE = YES;
				CLANG_WARN__DUPLICATE_METHOD_MATCH = YES;
				COPY_PHASE_STRIP = NO;
				CURRENT_PROJECT_VERSION = 1;
				DEBUG_INFORMATION_FORMAT = "dwarf-with-dsym";
				ENABLE_NS_ASSERTIONS = NO;
				ENABLE_STRICT_OBJC_MSGSEND = YES;
				GCC_C_LANGUAGE_STANDARD = gnu11;
				GCC_NO_COMMON_BLOCKS = YES;
				GCC_WARN_64_TO_32_BIT_CONVERSION = YES;
				GCC_WARN_ABOUT_RETURN_TYPE = YES_ERROR;
				GCC_WARN_UNDECLARED_SELECTOR = YES;
				GCC_WARN_UNINITIALIZED_AUTOS = YES_AGGRESSIVE;
				GCC_WARN_UNUSED_FUNCTION = YES;
				GCC_WARN_UNUSED_VARIABLE = YES;
				IPHONEOS_DEPLOYMENT_TARGET = 10.0;
				MTL_ENABLE_DEBUG_INFO = NO;
				MTL_FAST_MATH = YES;
				SDKROOT = iphoneos;
				SWIFT_COMPILATION_MODE = wholemodule;
				SWIFT_OPTIMIZATION_LEVEL = "-O";
				VALIDATE_PRODUCT = YES;
				VERSIONING_SYSTEM = "apple-generic";
				VERSION_INFO_PREFIX = "";
			};
			name = Release;
		};
		6DBA553B248E6C5400751941 /* Debug */ = {
			isa = XCBuildConfiguration;
			buildSettings = {
				BUILD_LIBRARY_FOR_DISTRIBUTION = YES;
				CODE_SIGN_STYLE = Automatic;
				DEFINES_MODULE = YES;
				DEVELOPMENT_TEAM = "";
				DYLIB_COMPATIBILITY_VERSION = 1;
				DYLIB_CURRENT_VERSION = 1;
				DYLIB_INSTALL_NAME_BASE = "@rpath";
				INFOPLIST_FILE = MBErrorKit/Info.plist;
				INSTALL_PATH = "$(LOCAL_LIBRARY_DIR)/Frameworks";
				LD_RUNPATH_SEARCH_PATHS = (
					"$(inherited)",
					"@executable_path/Frameworks",
					"@loader_path/Frameworks",
				);
				PRODUCT_BUNDLE_IDENTIFIER = mobven.com.ErrorKit;
				PRODUCT_NAME = "$(TARGET_NAME:c99extidentifier)";
				SKIP_INSTALL = YES;
				SUPPORTS_MACCATALYST = NO;
				SWIFT_VERSION = 5.0;
				TARGETED_DEVICE_FAMILY = "1,2";
			};
			name = Debug;
		};
		6DBA553C248E6C5400751941 /* Release */ = {
			isa = XCBuildConfiguration;
			buildSettings = {
				BUILD_LIBRARY_FOR_DISTRIBUTION = YES;
				CODE_SIGN_STYLE = Automatic;
				DEFINES_MODULE = YES;
				DEVELOPMENT_TEAM = "";
				DYLIB_COMPATIBILITY_VERSION = 1;
				DYLIB_CURRENT_VERSION = 1;
				DYLIB_INSTALL_NAME_BASE = "@rpath";
				INFOPLIST_FILE = MBErrorKit/Info.plist;
				INSTALL_PATH = "$(LOCAL_LIBRARY_DIR)/Frameworks";
				LD_RUNPATH_SEARCH_PATHS = (
					"$(inherited)",
					"@executable_path/Frameworks",
					"@loader_path/Frameworks",
				);
				PRODUCT_BUNDLE_IDENTIFIER = mobven.com.ErrorKit;
				PRODUCT_NAME = "$(TARGET_NAME:c99extidentifier)";
				SKIP_INSTALL = YES;
				SUPPORTS_MACCATALYST = NO;
				SWIFT_VERSION = 5.0;
				TARGETED_DEVICE_FAMILY = "1,2";
			};
			name = Release;
		};
		6DBA553E248E6C5400751941 /* Debug */ = {
			isa = XCBuildConfiguration;
			buildSettings = {
				ALWAYS_EMBED_SWIFT_STANDARD_LIBRARIES = YES;
				CODE_SIGN_STYLE = Automatic;
				DEVELOPMENT_TEAM = RE9892F24F;
				INFOPLIST_FILE = MBErrorKitTests/Info.plist;
				LD_RUNPATH_SEARCH_PATHS = (
					"$(inherited)",
					"@executable_path/Frameworks",
					"@loader_path/Frameworks",
				);
				PRODUCT_BUNDLE_IDENTIFIER = mobven.com.ErrorKitTests;
				PRODUCT_NAME = "$(TARGET_NAME)";
				SWIFT_VERSION = 5.0;
				TARGETED_DEVICE_FAMILY = "1,2";
			};
			name = Debug;
		};
		6DBA553F248E6C5400751941 /* Release */ = {
			isa = XCBuildConfiguration;
			buildSettings = {
				ALWAYS_EMBED_SWIFT_STANDARD_LIBRARIES = YES;
				CODE_SIGN_STYLE = Automatic;
				DEVELOPMENT_TEAM = RE9892F24F;
				INFOPLIST_FILE = MBErrorKitTests/Info.plist;
				LD_RUNPATH_SEARCH_PATHS = (
					"$(inherited)",
					"@executable_path/Frameworks",
					"@loader_path/Frameworks",
				);
				PRODUCT_BUNDLE_IDENTIFIER = mobven.com.ErrorKitTests;
				PRODUCT_NAME = "$(TARGET_NAME)";
				SWIFT_VERSION = 5.0;
				TARGETED_DEVICE_FAMILY = "1,2";
			};
			name = Release;
		};
/* End XCBuildConfiguration section */

/* Begin XCConfigurationList section */
		6DBA5520248E6C5300751941 /* Build configuration list for PBXProject "MBErrorKit" */ = {
			isa = XCConfigurationList;
			buildConfigurations = (
				6DBA5538248E6C5400751941 /* Debug */,
				6DBA5539248E6C5400751941 /* Release */,
			);
			defaultConfigurationIsVisible = 0;
			defaultConfigurationName = Release;
		};
		6DBA553A248E6C5400751941 /* Build configuration list for PBXNativeTarget "MBErrorKit" */ = {
			isa = XCConfigurationList;
			buildConfigurations = (
				6DBA553B248E6C5400751941 /* Debug */,
				6DBA553C248E6C5400751941 /* Release */,
			);
			defaultConfigurationIsVisible = 0;
			defaultConfigurationName = Release;
		};
		6DBA553D248E6C5400751941 /* Build configuration list for PBXNativeTarget "MBErrorKitTests" */ = {
			isa = XCConfigurationList;
			buildConfigurations = (
				6DBA553E248E6C5400751941 /* Debug */,
				6DBA553F248E6C5400751941 /* Release */,
			);
			defaultConfigurationIsVisible = 0;
			defaultConfigurationName = Release;
		};
/* End XCConfigurationList section */

/* Begin XCRemoteSwiftPackageReference section */
		6DCC747924F79BB9006C3C24 /* XCRemoteSwiftPackageReference "MobKitCore" */ = {
			isa = XCRemoteSwiftPackageReference;
			repositoryURL = "https://github.com/mobven/MobKitCore.git";
			requirement = {
				branch = develop;
				kind = branch;
			};
		};
/* End XCRemoteSwiftPackageReference section */

/* Begin XCSwiftPackageProductDependency section */
		6DCC747A24F79BB9006C3C24 /* MobKitCore */ = {
			isa = XCSwiftPackageProductDependency;
			package = 6DCC747924F79BB9006C3C24 /* XCRemoteSwiftPackageReference "MobKitCore" */;
			productName = MobKitCore;
		};
/* End XCSwiftPackageProductDependency section */
	};
	rootObject = 6DBA551D248E6C5300751941 /* Project object */;
}
